// !$*UTF8*$!
{
	archiveVersion = 1;
	classes = {
	};
	objectVersion = 46;
	objects = {

/* Begin PBXBuildFile section */
		649D0D461917A9E9009D9DB1 /* Foundation.framework in Frameworks */ = {isa = PBXBuildFile; fileRef = 649D0D451917A9E9009D9DB1 /* Foundation.framework */; };
		649D0D481917A9E9009D9DB1 /* CoreGraphics.framework in Frameworks */ = {isa = PBXBuildFile; fileRef = 649D0D471917A9E9009D9DB1 /* CoreGraphics.framework */; };
		649D0D4A1917A9E9009D9DB1 /* UIKit.framework in Frameworks */ = {isa = PBXBuildFile; fileRef = 649D0D491917A9E9009D9DB1 /* UIKit.framework */; };
		649D0D501917A9E9009D9DB1 /* InfoPlist.strings in Resources */ = {isa = PBXBuildFile; fileRef = 649D0D4E1917A9E9009D9DB1 /* InfoPlist.strings */; };
		649D0D521917A9E9009D9DB1 /* main.m in Sources */ = {isa = PBXBuildFile; fileRef = 649D0D511917A9E9009D9DB1 /* main.m */; };
		649D0D561917A9E9009D9DB1 /* YDHAppDelegate.m in Sources */ = {isa = PBXBuildFile; fileRef = 649D0D551917A9E9009D9DB1 /* YDHAppDelegate.m */; };
		649D0D581917A9E9009D9DB1 /* Images.xcassets in Resources */ = {isa = PBXBuildFile; fileRef = 649D0D571917A9E9009D9DB1 /* Images.xcassets */; };
		649D0D5F1917A9E9009D9DB1 /* XCTest.framework in Frameworks */ = {isa = PBXBuildFile; fileRef = 649D0D5E1917A9E9009D9DB1 /* XCTest.framework */; };
		649D0D601917A9E9009D9DB1 /* Foundation.framework in Frameworks */ = {isa = PBXBuildFile; fileRef = 649D0D451917A9E9009D9DB1 /* Foundation.framework */; };
		649D0D611917A9E9009D9DB1 /* UIKit.framework in Frameworks */ = {isa = PBXBuildFile; fileRef = 649D0D491917A9E9009D9DB1 /* UIKit.framework */; };
		649D0D691917A9E9009D9DB1 /* InfoPlist.strings in Resources */ = {isa = PBXBuildFile; fileRef = 649D0D671917A9E9009D9DB1 /* InfoPlist.strings */; };
		649D0D6B1917A9E9009D9DB1 /* XLWBTests.m in Sources */ = {isa = PBXBuildFile; fileRef = 649D0D6A1917A9E9009D9DB1 /* XLWBTests.m */; };
/* End PBXBuildFile section */

/* Begin PBXContainerItemProxy section */
		649D0D621917A9E9009D9DB1 /* PBXContainerItemProxy */ = {
			isa = PBXContainerItemProxy;
			containerPortal = 649D0D3A1917A9E9009D9DB1 /* Project object */;
			proxyType = 1;
			remoteGlobalIDString = 649D0D411917A9E9009D9DB1;
			remoteInfo = XLWB;
		};
/* End PBXContainerItemProxy section */

/* Begin PBXFileReference section */
		649D0D421917A9E9009D9DB1 /* XLWB.app */ = {isa = PBXFileReference; explicitFileType = wrapper.application; includeInIndex = 0; path = XLWB.app; sourceTree = BUILT_PRODUCTS_DIR; };
		649D0D451917A9E9009D9DB1 /* Foundation.framework */ = {isa = PBXFileReference; lastKnownFileType = wrapper.framework; name = Foundation.framework; path = System/Library/Frameworks/Foundation.framework; sourceTree = SDKROOT; };
		649D0D471917A9E9009D9DB1 /* CoreGraphics.framework */ = {isa = PBXFileReference; lastKnownFileType = wrapper.framework; name = CoreGraphics.framework; path = System/Library/Frameworks/CoreGraphics.framework; sourceTree = SDKROOT; };
		649D0D491917A9E9009D9DB1 /* UIKit.framework */ = {isa = PBXFileReference; lastKnownFileType = wrapper.framework; name = UIKit.framework; path = System/Library/Frameworks/UIKit.framework; sourceTree = SDKROOT; };
		649D0D4D1917A9E9009D9DB1 /* XLWB-Info.plist */ = {isa = PBXFileReference; lastKnownFileType = text.plist.xml; path = "XLWB-Info.plist"; sourceTree = "<group>"; };
		649D0D4F1917A9E9009D9DB1 /* en */ = {isa = PBXFileReference; lastKnownFileType = text.plist.strings; name = en; path = en.lproj/InfoPlist.strings; sourceTree = "<group>"; };
		649D0D511917A9E9009D9DB1 /* main.m */ = {isa = PBXFileReference; lastKnownFileType = sourcecode.c.objc; path = main.m; sourceTree = "<group>"; };
		649D0D531917A9E9009D9DB1 /* XLWB-Prefix.pch */ = {isa = PBXFileReference; lastKnownFileType = sourcecode.c.h; path = "XLWB-Prefix.pch"; sourceTree = "<group>"; };
		649D0D541917A9E9009D9DB1 /* YDHAppDelegate.h */ = {isa = PBXFileReference; lastKnownFileType = sourcecode.c.h; path = YDHAppDelegate.h; sourceTree = "<group>"; };
		649D0D551917A9E9009D9DB1 /* YDHAppDelegate.m */ = {isa = PBXFileReference; lastKnownFileType = sourcecode.c.objc; path = YDHAppDelegate.m; sourceTree = "<group>"; };
		649D0D571917A9E9009D9DB1 /* Images.xcassets */ = {isa = PBXFileReference; lastKnownFileType = folder.assetcatalog; path = Images.xcassets; sourceTree = "<group>"; };
		649D0D5D1917A9E9009D9DB1 /* XLWBTests.xctest */ = {isa = PBXFileReference; explicitFileType = wrapper.cfbundle; includeInIndex = 0; path = XLWBTests.xctest; sourceTree = BUILT_PRODUCTS_DIR; };
		649D0D5E1917A9E9009D9DB1 /* XCTest.framework */ = {isa = PBXFileReference; lastKnownFileType = wrapper.framework; name = XCTest.framework; path = Library/Frameworks/XCTest.framework; sourceTree = DEVELOPER_DIR; };
		649D0D661917A9E9009D9DB1 /* XLWBTests-Info.plist */ = {isa = PBXFileReference; lastKnownFileType = text.plist.xml; path = "XLWBTests-Info.plist"; sourceTree = "<group>"; };
		649D0D681917A9E9009D9DB1 /* en */ = {isa = PBXFileReference; lastKnownFileType = text.plist.strings; name = en; path = en.lproj/InfoPlist.strings; sourceTree = "<group>"; };
		649D0D6A1917A9E9009D9DB1 /* XLWBTests.m */ = {isa = PBXFileReference; lastKnownFileType = sourcecode.c.objc; path = XLWBTests.m; sourceTree = "<group>"; };
/* End PBXFileReference section */

/* Begin PBXFrameworksBuildPhase section */
		649D0D3F1917A9E9009D9DB1 /* Frameworks */ = {
			isa = PBXFrameworksBuildPhase;
			buildActionMask = 2147483647;
			files = (
				649D0D481917A9E9009D9DB1 /* CoreGraphics.framework in Frameworks */,
				649D0D4A1917A9E9009D9DB1 /* UIKit.framework in Frameworks */,
				649D0D461917A9E9009D9DB1 /* Foundation.framework in Frameworks */,
			);
			runOnlyForDeploymentPostprocessing = 0;
		};
		649D0D5A1917A9E9009D9DB1 /* Frameworks */ = {
			isa = PBXFrameworksBuildPhase;
			buildActionMask = 2147483647;
			files = (
				649D0D5F1917A9E9009D9DB1 /* XCTest.framework in Frameworks */,
				649D0D611917A9E9009D9DB1 /* UIKit.framework in Frameworks */,
				649D0D601917A9E9009D9DB1 /* Foundation.framework in Frameworks */,
			);
			runOnlyForDeploymentPostprocessing = 0;
		};
/* End PBXFrameworksBuildPhase section */

/* Begin PBXGroup section */
		649D0D391917A9E9009D9DB1 = {
			isa = PBXGroup;
			children = (
				649D0D4B1917A9E9009D9DB1 /* XLWB */,
				649D0D641917A9E9009D9DB1 /* XLWBTests */,
				649D0D441917A9E9009D9DB1 /* Frameworks */,
				649D0D431917A9E9009D9DB1 /* Products */,
			);
			sourceTree = "<group>";
		};
		649D0D431917A9E9009D9DB1 /* Products */ = {
			isa = PBXGroup;
			children = (
				649D0D421917A9E9009D9DB1 /* XLWB.app */,
				649D0D5D1917A9E9009D9DB1 /* XLWBTests.xctest */,
			);
			name = Products;
			sourceTree = "<group>";
		};
		649D0D441917A9E9009D9DB1 /* Frameworks */ = {
			isa = PBXGroup;
			children = (
				649D0D451917A9E9009D9DB1 /* Foundation.framework */,
				649D0D471917A9E9009D9DB1 /* CoreGraphics.framework */,
				649D0D491917A9E9009D9DB1 /* UIKit.framework */,
				649D0D5E1917A9E9009D9DB1 /* XCTest.framework */,
			);
			name = Frameworks;
			sourceTree = "<group>";
		};
		649D0D4B1917A9E9009D9DB1 /* XLWB */ = {
			isa = PBXGroup;
			children = (
				649D0D541917A9E9009D9DB1 /* YDHAppDelegate.h */,
				649D0D551917A9E9009D9DB1 /* YDHAppDelegate.m */,
				649D0D571917A9E9009D9DB1 /* Images.xcassets */,
				649D0D4C1917A9E9009D9DB1 /* Supporting Files */,
			);
			path = XLWB;
			sourceTree = "<group>";
		};
		649D0D4C1917A9E9009D9DB1 /* Supporting Files */ = {
			isa = PBXGroup;
			children = (
				649D0D4D1917A9E9009D9DB1 /* XLWB-Info.plist */,
				649D0D4E1917A9E9009D9DB1 /* InfoPlist.strings */,
				649D0D511917A9E9009D9DB1 /* main.m */,
				649D0D531917A9E9009D9DB1 /* XLWB-Prefix.pch */,
			);
			name = "Supporting Files";
			sourceTree = "<group>";
		};
		649D0D641917A9E9009D9DB1 /* XLWBTests */ = {
			isa = PBXGroup;
			children = (
				649D0D6A1917A9E9009D9DB1 /* XLWBTests.m */,
				649D0D651917A9E9009D9DB1 /* Supporting Files */,
			);
			path = XLWBTests;
			sourceTree = "<group>";
		};
		649D0D651917A9E9009D9DB1 /* Supporting Files */ = {
			isa = PBXGroup;
			children = (
				649D0D661917A9E9009D9DB1 /* XLWBTests-Info.plist */,
				649D0D671917A9E9009D9DB1 /* InfoPlist.strings */,
			);
			name = "Supporting Files";
			sourceTree = "<group>";
		};
/* End PBXGroup section */

/* Begin PBXNativeTarget section */
		649D0D411917A9E9009D9DB1 /* XLWB */ = {
			isa = PBXNativeTarget;
			buildConfigurationList = 649D0D6E1917A9E9009D9DB1 /* Build configuration list for PBXNativeTarget "XLWB" */;
			buildPhases = (
				649D0D3E1917A9E9009D9DB1 /* Sources */,
				649D0D3F1917A9E9009D9DB1 /* Frameworks */,
				649D0D401917A9E9009D9DB1 /* Resources */,
			);
			buildRules = (
			);
			dependencies = (
			);
			name = XLWB;
			productName = XLWB;
			productReference = 649D0D421917A9E9009D9DB1 /* XLWB.app */;
			productType = "com.apple.product-type.application";
		};
		649D0D5C1917A9E9009D9DB1 /* XLWBTests */ = {
			isa = PBXNativeTarget;
			buildConfigurationList = 649D0D711917A9E9009D9DB1 /* Build configuration list for PBXNativeTarget "XLWBTests" */;
			buildPhases = (
				649D0D591917A9E9009D9DB1 /* Sources */,
				649D0D5A1917A9E9009D9DB1 /* Frameworks */,
				649D0D5B1917A9E9009D9DB1 /* Resources */,
			);
			buildRules = (
			);
			dependencies = (
				649D0D631917A9E9009D9DB1 /* PBXTargetDependency */,
			);
			name = XLWBTests;
			productName = XLWBTests;
			productReference = 649D0D5D1917A9E9009D9DB1 /* XLWBTests.xctest */;
			productType = "com.apple.product-type.bundle.unit-test";
		};
/* End PBXNativeTarget section */

/* Begin PBXProject section */
		649D0D3A1917A9E9009D9DB1 /* Project object */ = {
			isa = PBXProject;
			attributes = {
				CLASSPREFIX = YDH;
				LastUpgradeCheck = 0510;
				ORGANIZATIONNAME = "___FULLUSERNAME___";
				TargetAttributes = {
					649D0D5C1917A9E9009D9DB1 = {
						TestTargetID = 649D0D411917A9E9009D9DB1;
					};
				};
			};
			buildConfigurationList = 649D0D3D1917A9E9009D9DB1 /* Build configuration list for PBXProject "XLWB" */;
			compatibilityVersion = "Xcode 3.2";
			developmentRegion = English;
			hasScannedForEncodings = 0;
			knownRegions = (
				en,
			);
			mainGroup = 649D0D391917A9E9009D9DB1;
			productRefGroup = 649D0D431917A9E9009D9DB1 /* Products */;
			projectDirPath = "";
			projectRoot = "";
			targets = (
				649D0D411917A9E9009D9DB1 /* XLWB */,
				649D0D5C1917A9E9009D9DB1 /* XLWBTests */,
			);
		};
/* End PBXProject section */

/* Begin PBXResourcesBuildPhase section */
		649D0D401917A9E9009D9DB1 /* Resources */ = {
			isa = PBXResourcesBuildPhase;
			buildActionMask = 2147483647;
			files = (
				649D0D501917A9E9009D9DB1 /* InfoPlist.strings in Resources */,
				649D0D581917A9E9009D9DB1 /* Images.xcassets in Resources */,
			);
			runOnlyForDeploymentPostprocessing = 0;
		};
		649D0D5B1917A9E9009D9DB1 /* Resources */ = {
			isa = PBXResourcesBuildPhase;
			buildActionMask = 2147483647;
			files = (
				649D0D691917A9E9009D9DB1 /* InfoPlist.strings in Resources */,
			);
			runOnlyForDeploymentPostprocessing = 0;
		};
/* End PBXResourcesBuildPhase section */

/* Begin PBXSourcesBuildPhase section */
		649D0D3E1917A9E9009D9DB1 /* Sources */ = {
			isa = PBXSourcesBuildPhase;
			buildActionMask = 2147483647;
			files = (
				649D0D561917A9E9009D9DB1 /* YDHAppDelegate.m in Sources */,
				649D0D521917A9E9009D9DB1 /* main.m in Sources */,
			);
			runOnlyForDeploymentPostprocessing = 0;
		};
		649D0D591917A9E9009D9DB1 /* Sources */ = {
			isa = PBXSourcesBuildPhase;
			buildActionMask = 2147483647;
			files = (
				649D0D6B1917A9E9009D9DB1 /* XLWBTests.m in Sources */,
			);
			runOnlyForDeploymentPostprocessing = 0;
		};
/* End PBXSourcesBuildPhase section */

/* Begin PBXTargetDependency section */
		649D0D631917A9E9009D9DB1 /* PBXTargetDependency */ = {
			isa = PBXTargetDependency;
			target = 649D0D411917A9E9009D9DB1 /* XLWB */;
			targetProxy = 649D0D621917A9E9009D9DB1 /* PBXContainerItemProxy */;
		};
/* End PBXTargetDependency section */

/* Begin PBXVariantGroup section */
		649D0D4E1917A9E9009D9DB1 /* InfoPlist.strings */ = {
			isa = PBXVariantGroup;
			children = (
				649D0D4F1917A9E9009D9DB1 /* en */,
			);
			name = InfoPlist.strings;
			sourceTree = "<group>";
		};
		649D0D671917A9E9009D9DB1 /* InfoPlist.strings */ = {
			isa = PBXVariantGroup;
			children = (
				649D0D681917A9E9009D9DB1 /* en */,
			);
			name = InfoPlist.strings;
			sourceTree = "<group>";
		};
/* End PBXVariantGroup section */

/* Begin XCBuildConfiguration section */
		649D0D6C1917A9E9009D9DB1 /* Debug */ = {
			isa = XCBuildConfiguration;
			buildSettings = {
				ALWAYS_SEARCH_USER_PATHS = NO;
				CLANG_CXX_LANGUAGE_STANDARD = "gnu++0x";
				CLANG_CXX_LIBRARY = "libc++";
				CLANG_ENABLE_MODULES = YES;
				CLANG_ENABLE_OBJC_ARC = YES;
				CLANG_WARN_BOOL_CONVERSION = YES;
				CLANG_WARN_CONSTANT_CONVERSION = YES;
				CLANG_WARN_DIRECT_OBJC_ISA_USAGE = YES_ERROR;
				CLANG_WARN_EMPTY_BODY = YES;
				CLANG_WARN_ENUM_CONVERSION = YES;
				CLANG_WARN_INT_CONVERSION = YES;
				CLANG_WARN_OBJC_ROOT_CLASS = YES_ERROR;
				CLANG_WARN__DUPLICATE_METHOD_MATCH = YES;
				"CODE_SIGN_IDENTITY[sdk=iphoneos*]" = "iPhone Developer";
				COPY_PHASE_STRIP = NO;
				GCC_C_LANGUAGE_STANDARD = gnu99;
				GCC_DYNAMIC_NO_PIC = NO;
				GCC_OPTIMIZATION_LEVEL = 0;
				GCC_PREPROCESSOR_DEFINITIONS = (
					"DEBUG=1",
					"$(inherited)",
				);
				GCC_SYMBOLS_PRIVATE_EXTERN = NO;
				GCC_WARN_64_TO_32_BIT_CONVERSION = YES;
				GCC_WARN_ABOUT_RETURN_TYPE = YES_ERROR;
				GCC_WARN_UNDECLARED_SELECTOR = YES;
				GCC_WARN_UNINITIALIZED_AUTOS = YES_AGGRESSIVE;
				GCC_WARN_UNUSED_FUNCTION = YES;
				GCC_WARN_UNUSED_VARIABLE = YES;
				IPHONEOS_DEPLOYMENT_TARGET = 7.1;
				ONLY_ACTIVE_ARCH = YES;
				SDKROOT = iphoneos;
			};
			name = Debug;
		};
		649D0D6D1917A9E9009D9DB1 /* Release */ = {
			isa = XCBuildConfiguration;
			buildSettings = {
				ALWAYS_SEARCH_USER_PATHS = NO;
				CLANG_CXX_LANGUAGE_STANDARD = "gnu++0x";
				CLANG_CXX_LIBRARY = "libc++";
				CLANG_ENABLE_MODULES = YES;
				CLANG_ENABLE_OBJC_ARC = YES;
				CLANG_WARN_BOOL_CONVERSION = YES;
				CLANG_WARN_CONSTANT_CONVERSION = YES;
				CLANG_WARN_DIRECT_OBJC_ISA_USAGE = YES_ERROR;
				CLANG_WARN_EMPTY_BODY = YES;
				CLANG_WARN_ENUM_CONVERSION = YES;
				CLANG_WARN_INT_CONVERSION = YES;
				CLANG_WARN_OBJC_ROOT_CLASS = YES_ERROR;
				CLANG_WARN__DUPLICATE_METHOD_MATCH = YES;
				"CODE_SIGN_IDENTITY[sdk=iphoneos*]" = "iPhone Developer";
				COPY_PHASE_STRIP = YES;
				ENABLE_NS_ASSERTIONS = NO;
				GCC_C_LANGUAGE_STANDARD = gnu99;
				GCC_WARN_64_TO_32_BIT_CONVERSION = YES;
				GCC_WARN_ABOUT_RETURN_TYPE = YES_ERROR;
				GCC_WARN_UNDECLARED_SELECTOR = YES;
				GCC_WARN_UNINITIALIZED_AUTOS = YES_AGGRESSIVE;
				GCC_WARN_UNUSED_FUNCTION = YES;
				GCC_WARN_UNUSED_VARIABLE = YES;
				IPHONEOS_DEPLOYMENT_TARGET = 7.1;
				SDKROOT = iphoneos;
				VALIDATE_PRODUCT = YES;
			};
			name = Release;
		};
		649D0D6F1917A9E9009D9DB1 /* Debug */ = {
			isa = XCBuildConfiguration;
			buildSettings = {
				ASSETCATALOG_COMPILER_APPICON_NAME = AppIcon;
				ASSETCATALOG_COMPILER_LAUNCHIMAGE_NAME = LaunchImage;
				GCC_PRECOMPILE_PREFIX_HEADER = YES;
				GCC_PREFIX_HEADER = "XLWB/XLWB-Prefix.pch";
				INFOPLIST_FILE = "XLWB/XLWB-Info.plist";
				PRODUCT_NAME = "$(TARGET_NAME)";
				WRAPPER_EXTENSION = app;
			};
			name = Debug;
		};
		649D0D701917A9E9009D9DB1 /* Release */ = {
			isa = XCBuildConfiguration;
			buildSettings = {
				ASSETCATALOG_COMPILER_APPICON_NAME = AppIcon;
				ASSETCATALOG_COMPILER_LAUNCHIMAGE_NAME = LaunchImage;
				GCC_PRECOMPILE_PREFIX_HEADER = YES;
				GCC_PREFIX_HEADER = "XLWB/XLWB-Prefix.pch";
				INFOPLIST_FILE = "XLWB/XLWB-Info.plist";
				PRODUCT_NAME = "$(TARGET_NAME)";
				WRAPPER_EXTENSION = app;
			};
			name = Release;
		};
		649D0D721917A9E9009D9DB1 /* Debug */ = {
			isa = XCBuildConfiguration;
			buildSettings = {
				BUNDLE_LOADER = "$(BUILT_PRODUCTS_DIR)/XLWB.app/XLWB";
				FRAMEWORK_SEARCH_PATHS = (
					"$(SDKROOT)/Developer/Library/Frameworks",
					"$(inherited)",
					"$(DEVELOPER_FRAMEWORKS_DIR)",
				);
				GCC_PRECOMPILE_PREFIX_HEADER = YES;
				GCC_PREFIX_HEADER = "XLWB/XLWB-Prefix.pch";
				GCC_PREPROCESSOR_DEFINITIONS = (
					"DEBUG=1",
					"$(inherited)",
				);
				INFOPLIST_FILE = "XLWBTests/XLWBTests-Info.plist";
				PRODUCT_NAME = "$(TARGET_NAME)";
				TEST_HOST = "$(BUNDLE_LOADER)";
				WRAPPER_EXTENSION = xctest;
			};
			name = Debug;
		};
		649D0D731917A9E9009D9DB1 /* Release */ = {
			isa = XCBuildConfiguration;
			buildSettings = {
				BUNDLE_LOADER = "$(BUILT_PRODUCTS_DIR)/XLWB.app/XLWB";
				FRAMEWORK_SEARCH_PATHS = (
					"$(SDKROOT)/Developer/Library/Frameworks",
					"$(inherited)",
					"$(DEVELOPER_FRAMEWORKS_DIR)",
				);
				GCC_PRECOMPILE_PREFIX_HEADER = YES;
				GCC_PREFIX_HEADER = "XLWB/XLWB-Prefix.pch";
				INFOPLIST_FILE = "XLWBTests/XLWBTests-Info.plist";
				PRODUCT_NAME = "$(TARGET_NAME)";
				TEST_HOST = "$(BUNDLE_LOADER)";
				WRAPPER_EXTENSION = xctest;
			};
			name = Release;
		};
/* End XCBuildConfiguration section */

/* Begin XCConfigurationList section */
		649D0D3D1917A9E9009D9DB1 /* Build configuration list for PBXProject "XLWB" */ = {
			isa = XCConfigurationList;
			buildConfigurations = (
				649D0D6C1917A9E9009D9DB1 /* Debug */,
				649D0D6D1917A9E9009D9DB1 /* Release */,
			);
			defaultConfigurationIsVisible = 0;
			defaultConfigurationName = Release;
		};
		649D0D6E1917A9E9009D9DB1 /* Build configuration list for PBXNativeTarget "XLWB" */ = {
			isa = XCConfigurationList;
			buildConfigurations = (
				649D0D6F1917A9E9009D9DB1 /* Debug */,
				649D0D701917A9E9009D9DB1 /* Release */,
			);
			defaultConfigurationIsVisible = 0;
		};
		649D0D711917A9E9009D9DB1 /* Build configuration list for PBXNativeTarget "XLWBTests" */ = {
			isa = XCConfigurationList;
			buildConfigurations = (
				649D0D721917A9E9009D9DB1 /* Debug */,
				649D0D731917A9E9009D9DB1 /* Release */,
			);
			defaultConfigurationIsVisible = 0;
		};
/* End XCConfigurationList section */
	};
	rootObject = 649D0D3A1917A9E9009D9DB1 /* Project object */;
}
